
Microsoft Visual Studio Solution File, Format Version 12.00
# Visual Studio Version 16
VisualStudioVersion = 16.0.31402.337
MinimumVisualStudioVersion = 10.0.40219.1
Project("{FAE04EC0-301F-11D3-BF4B-00C04F79EFBC}") = "frequency of word -THE", "frequency of word -THE\frequency of word -THE.csproj", "{4FAA69B1-239E-4A33-9815-8FDE55080F14}"
EndProject
Global
	GlobalSection(SolutionConfigurationPlatforms) = preSolution
		Debug|Any CPU = Debug|Any CPU
		Release|Any CPU = Release|Any CPU
	EndGlobalSection
	GlobalSection(ProjectConfigurationPlatforms) = postSolution
		{4FAA69B1-239E-4A33-9815-8FDE55080F14}.Debug|Any CPU.ActiveCfg = Debug|Any CPU
		{4FAA69B1-239E-4A33-9815-8FDE55080F14}.Debug|Any CPU.Build.0 = Debug|Any CPU
		{4FAA69B1-239E-4A33-9815-8FDE55080F14}.Release|Any CPU.ActiveCfg = Release|Any CPU
		{4FAA69B1-239E-4A33-9815-8FDE55080F14}.Release|Any CPU.Build.0 = Release|Any CPU
	EndGlobalSection
	GlobalSection(SolutionProperties) = preSolution
		HideSolutionNode = FALSE
	EndGlobalSection
	GlobalSection(ExtensibilityGlobals) = postSolution
		SolutionGuid = {25C52CF4-E66A-442E-8F34-73CFF610B8B2}
	EndGlobalSection
EndGlobal
