
Microsoft Visual Studio Solution File, Format Version 12.00
# Visual Studio Version 16
VisualStudioVersion = 16.0.31402.337
MinimumVisualStudioVersion = 10.0.40219.1
Project("{FAE04EC0-301F-11D3-BF4B-00C04F79EFBC}") = "practice", "practice\practice.csproj", "{B99DEC3E-B6E6-4228-8A95-8FBAA911EFEB}"
EndProject
Global
	GlobalSection(SolutionConfigurationPlatforms) = preSolution
		Debug|Any CPU = Debug|Any CPU
		Release|Any CPU = Release|Any CPU
	EndGlobalSection
	GlobalSection(ProjectConfigurationPlatforms) = postSolution
		{B99DEC3E-B6E6-4228-8A95-8FBAA911EFEB}.Debug|Any CPU.ActiveCfg = Debug|Any CPU
		{B99DEC3E-B6E6-4228-8A95-8FBAA911EFEB}.Debug|Any CPU.Build.0 = Debug|Any CPU
		{B99DEC3E-B6E6-4228-8A95-8FBAA911EFEB}.Release|Any CPU.ActiveCfg = Release|Any CPU
		{B99DEC3E-B6E6-4228-8A95-8FBAA911EFEB}.Release|Any CPU.Build.0 = Release|Any CPU
	EndGlobalSection
	GlobalSection(SolutionProperties) = preSolution
		HideSolutionNode = FALSE
	EndGlobalSection
	GlobalSection(ExtensibilityGlobals) = postSolution
		SolutionGuid = {20CBBE13-D50A-4536-B2DB-9F71FBE447DA}
	EndGlobalSection
EndGlobal
