
Microsoft Visual Studio Solution File, Format Version 12.00
# Visual Studio Version 16
VisualStudioVersion = 16.0.31402.337
MinimumVisualStudioVersion = 10.0.40219.1
Project("{FAE04EC0-301F-11D3-BF4B-00C04F79EFBC}") = "for loop exercise part 2", "for loop exercise part 2\for loop exercise part 2.csproj", "{F9F73B65-E500-447A-B3CA-10023E209F52}"
EndProject
Global
	GlobalSection(SolutionConfigurationPlatforms) = preSolution
		Debug|Any CPU = Debug|Any CPU
		Release|Any CPU = Release|Any CPU
	EndGlobalSection
	GlobalSection(ProjectConfigurationPlatforms) = postSolution
		{F9F73B65-E500-447A-B3CA-10023E209F52}.Debug|Any CPU.ActiveCfg = Debug|Any CPU
		{F9F73B65-E500-447A-B3CA-10023E209F52}.Debug|Any CPU.Build.0 = Debug|Any CPU
		{F9F73B65-E500-447A-B3CA-10023E209F52}.Release|Any CPU.ActiveCfg = Release|Any CPU
		{F9F73B65-E500-447A-B3CA-10023E209F52}.Release|Any CPU.Build.0 = Release|Any CPU
	EndGlobalSection
	GlobalSection(SolutionProperties) = preSolution
		HideSolutionNode = FALSE
	EndGlobalSection
	GlobalSection(ExtensibilityGlobals) = postSolution
		SolutionGuid = {9AC917BB-4A46-494E-93A1-091B3AD60A4B}
	EndGlobalSection
EndGlobal
