
Microsoft Visual Studio Solution File, Format Version 12.00
# Visual Studio Version 16
VisualStudioVersion = 16.0.31402.337
MinimumVisualStudioVersion = 10.0.40219.1
Project("{FAE04EC0-301F-11D3-BF4B-00C04F79EFBC}") = "nested loop prac", "nested loop prac.\nested loop prac.csproj", "{90630423-A700-4682-B43D-44120C4D6418}"
EndProject
Global
	GlobalSection(SolutionConfigurationPlatforms) = preSolution
		Debug|Any CPU = Debug|Any CPU
		Release|Any CPU = Release|Any CPU
	EndGlobalSection
	GlobalSection(ProjectConfigurationPlatforms) = postSolution
		{90630423-A700-4682-B43D-44120C4D6418}.Debug|Any CPU.ActiveCfg = Debug|Any CPU
		{90630423-A700-4682-B43D-44120C4D6418}.Debug|Any CPU.Build.0 = Debug|Any CPU
		{90630423-A700-4682-B43D-44120C4D6418}.Release|Any CPU.ActiveCfg = Release|Any CPU
		{90630423-A700-4682-B43D-44120C4D6418}.Release|Any CPU.Build.0 = Release|Any CPU
	EndGlobalSection
	GlobalSection(SolutionProperties) = preSolution
		HideSolutionNode = FALSE
	EndGlobalSection
	GlobalSection(ExtensibilityGlobals) = postSolution
		SolutionGuid = {96220FD5-F799-47CF-8A0D-18FFDABE48D6}
	EndGlobalSection
EndGlobal
