
Microsoft Visual Studio Solution File, Format Version 12.00
# Visual Studio Version 16
VisualStudioVersion = 16.0.31402.337
MinimumVisualStudioVersion = 10.0.40219.1
Project("{FAE04EC0-301F-11D3-BF4B-00C04F79EFBC}") = "avg. for set of values", "avg. for set of values\avg. for set of values.csproj", "{981A4A8D-7DDE-4FD6-A2B2-46455866E504}"
EndProject
Global
	GlobalSection(SolutionConfigurationPlatforms) = preSolution
		Debug|Any CPU = Debug|Any CPU
		Release|Any CPU = Release|Any CPU
	EndGlobalSection
	GlobalSection(ProjectConfigurationPlatforms) = postSolution
		{981A4A8D-7DDE-4FD6-A2B2-46455866E504}.Debug|Any CPU.ActiveCfg = Debug|Any CPU
		{981A4A8D-7DDE-4FD6-A2B2-46455866E504}.Debug|Any CPU.Build.0 = Debug|Any CPU
		{981A4A8D-7DDE-4FD6-A2B2-46455866E504}.Release|Any CPU.ActiveCfg = Release|Any CPU
		{981A4A8D-7DDE-4FD6-A2B2-46455866E504}.Release|Any CPU.Build.0 = Release|Any CPU
	EndGlobalSection
	GlobalSection(SolutionProperties) = preSolution
		HideSolutionNode = FALSE
	EndGlobalSection
	GlobalSection(ExtensibilityGlobals) = postSolution
		SolutionGuid = {2889923B-F8EE-4E18-85DA-965F60C7206E}
	EndGlobalSection
EndGlobal
