
Microsoft Visual Studio Solution File, Format Version 12.00
# Visual Studio Version 16
VisualStudioVersion = 16.0.31402.337
MinimumVisualStudioVersion = 10.0.40219.1
Project("{FAE04EC0-301F-11D3-BF4B-00C04F79EFBC}") = "random nos", "random nos.\random nos.csproj", "{C8C176A2-9178-4F8C-9CD1-22C66D598641}"
EndProject
Global
	GlobalSection(SolutionConfigurationPlatforms) = preSolution
		Debug|Any CPU = Debug|Any CPU
		Release|Any CPU = Release|Any CPU
	EndGlobalSection
	GlobalSection(ProjectConfigurationPlatforms) = postSolution
		{C8C176A2-9178-4F8C-9CD1-22C66D598641}.Debug|Any CPU.ActiveCfg = Debug|Any CPU
		{C8C176A2-9178-4F8C-9CD1-22C66D598641}.Debug|Any CPU.Build.0 = Debug|Any CPU
		{C8C176A2-9178-4F8C-9CD1-22C66D598641}.Release|Any CPU.ActiveCfg = Release|Any CPU
		{C8C176A2-9178-4F8C-9CD1-22C66D598641}.Release|Any CPU.Build.0 = Release|Any CPU
	EndGlobalSection
	GlobalSection(SolutionProperties) = preSolution
		HideSolutionNode = FALSE
	EndGlobalSection
	GlobalSection(ExtensibilityGlobals) = postSolution
		SolutionGuid = {A30D2494-0764-4EE7-923F-BF0402BCEF3C}
	EndGlobalSection
EndGlobal
