
Microsoft Visual Studio Solution File, Format Version 12.00
# Visual Studio 15
VisualStudioVersion = 15.0.28307.1500
MinimumVisualStudioVersion = 10.0.40219.1
Project("{FAE04EC0-301F-11D3-BF4B-00C04F79EFBC}") = "hw 4", "hw 4\hw 4.csproj", "{0EDD126F-F109-4FE7-B8DF-D4CFE0893DA6}"
EndProject
Global
	GlobalSection(SolutionConfigurationPlatforms) = preSolution
		Debug|Any CPU = Debug|Any CPU
		Release|Any CPU = Release|Any CPU
	EndGlobalSection
	GlobalSection(ProjectConfigurationPlatforms) = postSolution
		{0EDD126F-F109-4FE7-B8DF-D4CFE0893DA6}.Debug|Any CPU.ActiveCfg = Debug|Any CPU
		{0EDD126F-F109-4FE7-B8DF-D4CFE0893DA6}.Debug|Any CPU.Build.0 = Debug|Any CPU
		{0EDD126F-F109-4FE7-B8DF-D4CFE0893DA6}.Release|Any CPU.ActiveCfg = Release|Any CPU
		{0EDD126F-F109-4FE7-B8DF-D4CFE0893DA6}.Release|Any CPU.Build.0 = Release|Any CPU
	EndGlobalSection
	GlobalSection(SolutionProperties) = preSolution
		HideSolutionNode = FALSE
	EndGlobalSection
	GlobalSection(ExtensibilityGlobals) = postSolution
		SolutionGuid = {4FC0F27B-2C26-49B9-BF8B-FED7FB9B5FFF}
	EndGlobalSection
EndGlobal
