
Microsoft Visual Studio Solution File, Format Version 12.00
# Visual Studio Version 16
VisualStudioVersion = 16.0.31402.337
MinimumVisualStudioVersion = 10.0.40219.1
Project("{FAE04EC0-301F-11D3-BF4B-00C04F79EFBC}") = "leap year", "leap year\leap year.csproj", "{9E8E0B23-8BD9-4A65-AC57-857A786940B2}"
EndProject
Global
	GlobalSection(SolutionConfigurationPlatforms) = preSolution
		Debug|Any CPU = Debug|Any CPU
		Release|Any CPU = Release|Any CPU
	EndGlobalSection
	GlobalSection(ProjectConfigurationPlatforms) = postSolution
		{9E8E0B23-8BD9-4A65-AC57-857A786940B2}.Debug|Any CPU.ActiveCfg = Debug|Any CPU
		{9E8E0B23-8BD9-4A65-AC57-857A786940B2}.Debug|Any CPU.Build.0 = Debug|Any CPU
		{9E8E0B23-8BD9-4A65-AC57-857A786940B2}.Release|Any CPU.ActiveCfg = Release|Any CPU
		{9E8E0B23-8BD9-4A65-AC57-857A786940B2}.Release|Any CPU.Build.0 = Release|Any CPU
	EndGlobalSection
	GlobalSection(SolutionProperties) = preSolution
		HideSolutionNode = FALSE
	EndGlobalSection
	GlobalSection(ExtensibilityGlobals) = postSolution
		SolutionGuid = {24A69F03-7E0E-4FD8-AAE9-59B8190E0661}
	EndGlobalSection
EndGlobal
