
Microsoft Visual Studio Solution File, Format Version 12.00
# Visual Studio 15
VisualStudioVersion = 15.0.28307.1500
MinimumVisualStudioVersion = 10.0.40219.1
Project("{FAE04EC0-301F-11D3-BF4B-00C04F79EFBC}") = "prctice dlt", "prctice dlt\prctice dlt.csproj", "{AACAC786-ED83-48FD-9F32-4FFCC18C0988}"
EndProject
Global
	GlobalSection(SolutionConfigurationPlatforms) = preSolution
		Debug|Any CPU = Debug|Any CPU
		Release|Any CPU = Release|Any CPU
	EndGlobalSection
	GlobalSection(ProjectConfigurationPlatforms) = postSolution
		{AACAC786-ED83-48FD-9F32-4FFCC18C0988}.Debug|Any CPU.ActiveCfg = Debug|Any CPU
		{AACAC786-ED83-48FD-9F32-4FFCC18C0988}.Debug|Any CPU.Build.0 = Debug|Any CPU
		{AACAC786-ED83-48FD-9F32-4FFCC18C0988}.Release|Any CPU.ActiveCfg = Release|Any CPU
		{AACAC786-ED83-48FD-9F32-4FFCC18C0988}.Release|Any CPU.Build.0 = Release|Any CPU
	EndGlobalSection
	GlobalSection(SolutionProperties) = preSolution
		HideSolutionNode = FALSE
	EndGlobalSection
	GlobalSection(ExtensibilityGlobals) = postSolution
		SolutionGuid = {F4DB7EC2-01A6-4A48-A70D-04FB12F7A62F}
	EndGlobalSection
EndGlobal
